// !$*UTF8*$!
{
	archiveVersion = 1;
	classes = {
	};
	objectVersion = 55;
	objects = {

/* Begin PBXBuildFile section */
		118920752882431A00A0A9FA /* AppDelegate.swift in Sources */ = {isa = PBXBuildFile; fileRef = 118920742882431A00A0A9FA /* AppDelegate.swift */; };
		118920772882431A00A0A9FA /* SceneDelegate.swift in Sources */ = {isa = PBXBuildFile; fileRef = 118920762882431A00A0A9FA /* SceneDelegate.swift */; };
		118920792882431A00A0A9FA /* ViewController.swift in Sources */ = {isa = PBXBuildFile; fileRef = 118920782882431A00A0A9FA /* ViewController.swift */; };
		1189207C2882431A00A0A9FA /* Main.storyboard in Resources */ = {isa = PBXBuildFile; fileRef = 1189207A2882431A00A0A9FA /* Main.storyboard */; };
		1189207E2882431E00A0A9FA /* Assets.xcassets in Resources */ = {isa = PBXBuildFile; fileRef = 1189207D2882431E00A0A9FA /* Assets.xcassets */; };
		118920812882431E00A0A9FA /* LaunchScreen.storyboard in Resources */ = {isa = PBXBuildFile; fileRef = 1189207F2882431E00A0A9FA /* LaunchScreen.storyboard */; };
		11C5436328885B32008FA30F /* LastQuizQuestionViewController.swift in Sources */ = {isa = PBXBuildFile; fileRef = 11C5436228885B32008FA30F /* LastQuizQuestionViewController.swift */; };
		11C5438F28892360008FA30F /* NightSerumViewController.swift in Sources */ = {isa = PBXBuildFile; fileRef = 11C5438E2889235F008FA30F /* NightSerumViewController.swift */; };
		11C5439428892394008FA30F /* ColorEnvyViewController.swift in Sources */ = {isa = PBXBuildFile; fileRef = 11C5439328892394008FA30F /* ColorEnvyViewController.swift */; };
		11C54396288923CE008FA30F /* RoseDeGrasseViewController.swift in Sources */ = {isa = PBXBuildFile; fileRef = 11C54395288923CE008FA30F /* RoseDeGrasseViewController.swift */; };
		11C54398288923E9008FA30F /* DareToLoveViewController.swift in Sources */ = {isa = PBXBuildFile; fileRef = 11C54397288923E9008FA30F /* DareToLoveViewController.swift */; };
		11C5439A288923FC008FA30F /* EyeCreamViewController.swift in Sources */ = {isa = PBXBuildFile; fileRef = 11C54399288923FC008FA30F /* EyeCreamViewController.swift */; };
		11E411C22889D36800DE5B82 /* VirtualApplicatorViewController.swift in Sources */ = {isa = PBXBuildFile; fileRef = 11E411C12889D36800DE5B82 /* VirtualApplicatorViewController.swift */; };
/* End PBXBuildFile section */

/* Begin PBXContainerItemProxy section */
		11C543552887BA7F008FA30F /* PBXContainerItemProxy */ = {
			isa = PBXContainerItemProxy;
			containerPortal = 11C5434F2887BA7F008FA30F /* DropDown.xcodeproj */;
			proxyType = 2;
			remoteGlobalIDString = 0A76440F1B676C2300BF1A2D;
			remoteInfo = Demo;
		};
		11C543572887BA7F008FA30F /* PBXContainerItemProxy */ = {
			isa = PBXContainerItemProxy;
			containerPortal = 11C5434F2887BA7F008FA30F /* DropDown.xcodeproj */;
			proxyType = 2;
			remoteGlobalIDString = 0A7644241B676C2300BF1A2D;
			remoteInfo = DropDownTests;
		};
		11C543592887BA7F008FA30F /* PBXContainerItemProxy */ = {
			isa = PBXContainerItemProxy;
			containerPortal = 11C5434F2887BA7F008FA30F /* DropDown.xcodeproj */;
			proxyType = 2;
			remoteGlobalIDString = 0AB5D8711D0EEECD002D3A17;
			remoteInfo = DropDown;
		};
/* End PBXContainerItemProxy section */

/* Begin PBXFileReference section */
		118920712882431A00A0A9FA /* esteeLauderChallenge.app */ = {isa = PBXFileReference; explicitFileType = wrapper.application; includeInIndex = 0; path = esteeLauderChallenge.app; sourceTree = BUILT_PRODUCTS_DIR; };
		118920742882431A00A0A9FA /* AppDelegate.swift */ = {isa = PBXFileReference; lastKnownFileType = sourcecode.swift; path = AppDelegate.swift; sourceTree = "<group>"; };
		118920762882431A00A0A9FA /* SceneDelegate.swift */ = {isa = PBXFileReference; lastKnownFileType = sourcecode.swift; path = SceneDelegate.swift; sourceTree = "<group>"; };
		118920782882431A00A0A9FA /* ViewController.swift */ = {isa = PBXFileReference; lastKnownFileType = sourcecode.swift; path = ViewController.swift; sourceTree = "<group>"; };
		1189207B2882431A00A0A9FA /* Base */ = {isa = PBXFileReference; lastKnownFileType = file.storyboard; name = Base; path = Base.lproj/Main.storyboard; sourceTree = "<group>"; };
		1189207D2882431E00A0A9FA /* Assets.xcassets */ = {isa = PBXFileReference; lastKnownFileType = folder.assetcatalog; path = Assets.xcassets; sourceTree = "<group>"; };
		118920802882431E00A0A9FA /* Base */ = {isa = PBXFileReference; lastKnownFileType = file.storyboard; name = Base; path = Base.lproj/LaunchScreen.storyboard; sourceTree = "<group>"; };
		118920822882431E00A0A9FA /* Info.plist */ = {isa = PBXFileReference; lastKnownFileType = text.plist.xml; path = Info.plist; sourceTree = "<group>"; };
		11C5434F2887BA7F008FA30F /* DropDown.xcodeproj */ = {isa = PBXFileReference; lastKnownFileType = "wrapper.pb-project"; name = DropDown.xcodeproj; path = ../../../Downloads/DropDown/DropDown.xcodeproj; sourceTree = "<group>"; };
		11C5436228885B32008FA30F /* LastQuizQuestionViewController.swift */ = {isa = PBXFileReference; lastKnownFileType = sourcecode.swift; path = LastQuizQuestionViewController.swift; sourceTree = "<group>"; };
		11C5438E2889235F008FA30F /* NightSerumViewController.swift */ = {isa = PBXFileReference; lastKnownFileType = sourcecode.swift; path = NightSerumViewController.swift; sourceTree = "<group>"; };
		11C5439328892394008FA30F /* ColorEnvyViewController.swift */ = {isa = PBXFileReference; lastKnownFileType = sourcecode.swift; path = ColorEnvyViewController.swift; sourceTree = "<group>"; };
		11C54395288923CE008FA30F /* RoseDeGrasseViewController.swift */ = {isa = PBXFileReference; lastKnownFileType = sourcecode.swift; path = RoseDeGrasseViewController.swift; sourceTree = "<group>"; };
		11C54397288923E9008FA30F /* DareToLoveViewController.swift */ = {isa = PBXFileReference; lastKnownFileType = sourcecode.swift; path = DareToLoveViewController.swift; sourceTree = "<group>"; };
		11C54399288923FC008FA30F /* EyeCreamViewController.swift */ = {isa = PBXFileReference; lastKnownFileType = sourcecode.swift; path = EyeCreamViewController.swift; sourceTree = "<group>"; };
		11E411C12889D36800DE5B82 /* VirtualApplicatorViewController.swift */ = {isa = PBXFileReference; lastKnownFileType = sourcecode.swift; path = VirtualApplicatorViewController.swift; sourceTree = "<group>"; };
/* End PBXFileReference section */

/* Begin PBXFrameworksBuildPhase section */
		1189206E2882431A00A0A9FA /* Frameworks */ = {
			isa = PBXFrameworksBuildPhase;
			buildActionMask = 2147483647;
			files = (
			);
			runOnlyForDeploymentPostprocessing = 0;
		};
/* End PBXFrameworksBuildPhase section */

/* Begin PBXGroup section */
		118920682882431A00A0A9FA = {
			isa = PBXGroup;
			children = (
				11C5434F2887BA7F008FA30F /* DropDown.xcodeproj */,
				118920732882431A00A0A9FA /* esteeLauderChallenge */,
				118920722882431A00A0A9FA /* Products */,
			);
			sourceTree = "<group>";
		};
		118920722882431A00A0A9FA /* Products */ = {
			isa = PBXGroup;
			children = (
				118920712882431A00A0A9FA /* esteeLauderChallenge.app */,
			);
			name = Products;
			sourceTree = "<group>";
		};
		118920732882431A00A0A9FA /* esteeLauderChallenge */ = {
			isa = PBXGroup;
			children = (
				118920742882431A00A0A9FA /* AppDelegate.swift */,
				118920762882431A00A0A9FA /* SceneDelegate.swift */,
				118920782882431A00A0A9FA /* ViewController.swift */,
				1189207A2882431A00A0A9FA /* Main.storyboard */,
				11C54395288923CE008FA30F /* RoseDeGrasseViewController.swift */,
				11C54397288923E9008FA30F /* DareToLoveViewController.swift */,
				11C54399288923FC008FA30F /* EyeCreamViewController.swift */,
				11C5439328892394008FA30F /* ColorEnvyViewController.swift */,
				11C5438E2889235F008FA30F /* NightSerumViewController.swift */,
				11C5436228885B32008FA30F /* LastQuizQuestionViewController.swift */,
				1189207D2882431E00A0A9FA /* Assets.xcassets */,
				1189207F2882431E00A0A9FA /* LaunchScreen.storyboard */,
				118920822882431E00A0A9FA /* Info.plist */,
				11E411C12889D36800DE5B82 /* VirtualApplicatorViewController.swift */,
			);
			path = esteeLauderChallenge;
			sourceTree = "<group>";
		};
		11C543502887BA7F008FA30F /* Products */ = {
			isa = PBXGroup;
			children = (
				11C543562887BA7F008FA30F /* Demo.app */,
				11C543582887BA7F008FA30F /* DropDownTests.xctest */,
				11C5435A2887BA7F008FA30F /* DropDown.framework */,
			);
			name = Products;
			sourceTree = "<group>";
		};
/* End PBXGroup section */

/* Begin PBXNativeTarget section */
		118920702882431A00A0A9FA /* esteeLauderChallenge */ = {
			isa = PBXNativeTarget;
			buildConfigurationList = 118920852882431E00A0A9FA /* Build configuration list for PBXNativeTarget "esteeLauderChallenge" */;
			buildPhases = (
				1189206D2882431A00A0A9FA /* Sources */,
				1189206E2882431A00A0A9FA /* Frameworks */,
				1189206F2882431A00A0A9FA /* Resources */,
			);
			buildRules = (
			);
			dependencies = (
			);
			name = esteeLauderChallenge;
			productName = esteeLauderChallenge;
			productReference = 118920712882431A00A0A9FA /* esteeLauderChallenge.app */;
			productType = "com.apple.product-type.application";
		};
/* End PBXNativeTarget section */

/* Begin PBXProject section */
		118920692882431A00A0A9FA /* Project object */ = {
			isa = PBXProject;
			attributes = {
				BuildIndependentTargetsInParallel = 1;
				LastSwiftUpdateCheck = 1340;
				LastUpgradeCheck = 1340;
				TargetAttributes = {
					118920702882431A00A0A9FA = {
						CreatedOnToolsVersion = 13.4.1;
					};
				};
			};
			buildConfigurationList = 1189206C2882431A00A0A9FA /* Build configuration list for PBXProject "esteeLauderChallenge" */;
			compatibilityVersion = "Xcode 13.0";
			developmentRegion = en;
			hasScannedForEncodings = 0;
			knownRegions = (
				en,
				Base,
			);
			mainGroup = 118920682882431A00A0A9FA;
			productRefGroup = 118920722882431A00A0A9FA /* Products */;
			projectDirPath = "";
			projectReferences = (
				{
					ProductGroup = 11C543502887BA7F008FA30F /* Products */;
					ProjectRef = 11C5434F2887BA7F008FA30F /* DropDown.xcodeproj */;
				},
			);
			projectRoot = "";
			targets = (
				118920702882431A00A0A9FA /* esteeLauderChallenge */,
			);
		};
/* End PBXProject section */

/* Begin PBXReferenceProxy section */
		11C543562887BA7F008FA30F /* Demo.app */ = {
			isa = PBXReferenceProxy;
			fileType = wrapper.application;
			path = Demo.app;
			remoteRef = 11C543552887BA7F008FA30F /* PBXContainerItemProxy */;
			sourceTree = BUILT_PRODUCTS_DIR;
		};
		11C543582887BA7F008FA30F /* DropDownTests.xctest */ = {
			isa = PBXReferenceProxy;
			fileType = wrapper.cfbundle;
			path = DropDownTests.xctest;
			remoteRef = 11C543572887BA7F008FA30F /* PBXContainerItemProxy */;
			sourceTree = BUILT_PRODUCTS_DIR;
		};
		11C5435A2887BA7F008FA30F /* DropDown.framework */ = {
			isa = PBXReferenceProxy;
			fileType = wrapper.framework;
			path = DropDown.framework;
			remoteRef = 11C543592887BA7F008FA30F /* PBXContainerItemProxy */;
			sourceTree = BUILT_PRODUCTS_DIR;
		};
/* End PBXReferenceProxy section */

/* Begin PBXResourcesBuildPhase section */
		1189206F2882431A00A0A9FA /* Resources */ = {
			isa = PBXResourcesBuildPhase;
			buildActionMask = 2147483647;
			files = (
				118920812882431E00A0A9FA /* LaunchScreen.storyboard in Resources */,
				1189207E2882431E00A0A9FA /* Assets.xcassets in Resources */,
				1189207C2882431A00A0A9FA /* Main.storyboard in Resources */,
			);
			runOnlyForDeploymentPostprocessing = 0;
		};
/* End PBXResourcesBuildPhase section */

/* Begin PBXSourcesBuildPhase section */
		1189206D2882431A00A0A9FA /* Sources */ = {
			isa = PBXSourcesBuildPhase;
			buildActionMask = 2147483647;
			files = (
				118920792882431A00A0A9FA /* ViewController.swift in Sources */,
				118920752882431A00A0A9FA /* AppDelegate.swift in Sources */,
				11C5439A288923FC008FA30F /* EyeCreamViewController.swift in Sources */,
				11E411C22889D36800DE5B82 /* VirtualApplicatorViewController.swift in Sources */,
				11C54396288923CE008FA30F /* RoseDeGrasseViewController.swift in Sources */,
				11C5439428892394008FA30F /* ColorEnvyViewController.swift in Sources */,
				118920772882431A00A0A9FA /* SceneDelegate.swift in Sources */,
				11C54398288923E9008FA30F /* DareToLoveViewController.swift in Sources */,
				11C5436328885B32008FA30F /* LastQuizQuestionViewController.swift in Sources */,
				11C5438F28892360008FA30F /* NightSerumViewController.swift in Sources */,
			);
			runOnlyForDeploymentPostprocessing = 0;
		};
/* End PBXSourcesBuildPhase section */

/* Begin PBXVariantGroup section */
		1189207A2882431A00A0A9FA /* Main.storyboard */ = {
			isa = PBXVariantGroup;
			children = (
				1189207B2882431A00A0A9FA /* Base */,
			);
			name = Main.storyboard;
			sourceTree = "<group>";
		};
		1189207F2882431E00A0A9FA /* LaunchScreen.storyboard */ = {
			isa = PBXVariantGroup;
			children = (
				118920802882431E00A0A9FA /* Base */,
			);
			name = LaunchScreen.storyboard;
			sourceTree = "<group>";
		};
/* End PBXVariantGroup section */

/* Begin XCBuildConfiguration section */
		118920832882431E00A0A9FA /* Debug */ = {
			isa = XCBuildConfiguration;
			buildSettings = {
				ALWAYS_SEARCH_USER_PATHS = NO;
				CLANG_ANALYZER_NONNULL = YES;
				CLANG_ANALYZER_NUMBER_OBJECT_CONVERSION = YES_AGGRESSIVE;
				CLANG_CXX_LANGUAGE_STANDARD = "gnu++17";
				CLANG_ENABLE_MODULES = YES;
				CLANG_ENABLE_OBJC_ARC = YES;
				CLANG_ENABLE_OBJC_WEAK = YES;
				CLANG_WARN_BLOCK_CAPTURE_AUTORELEASING = YES;
				CLANG_WARN_BOOL_CONVERSION = YES;
				CLANG_WARN_COMMA = YES;
				CLANG_WARN_CONSTANT_CONVERSION = YES;
				CLANG_WARN_DEPRECATED_OBJC_IMPLEMENTATIONS = YES;
				CLANG_WARN_DIRECT_OBJC_ISA_USAGE = YES_ERROR;
				CLANG_WARN_DOCUMENTATION_COMMENTS = YES;
				CLANG_WARN_EMPTY_BODY = YES;
				CLANG_WARN_ENUM_CONVERSION = YES;
				CLANG_WARN_INFINITE_RECURSION = YES;
				CLANG_WARN_INT_CONVERSION = YES;
				CLANG_WARN_NON_LITERAL_NULL_CONVERSION = YES;
				CLANG_WARN_OBJC_IMPLICIT_RETAIN_SELF = YES;
				CLANG_WARN_OBJC_LITERAL_CONVERSION = YES;
				CLANG_WARN_OBJC_ROOT_CLASS = YES_ERROR;
				CLANG_WARN_QUOTED_INCLUDE_IN_FRAMEWORK_HEADER = YES;
				CLANG_WARN_RANGE_LOOP_ANALYSIS = YES;
				CLANG_WARN_STRICT_PROTOTYPES = YES;
				CLANG_WARN_SUSPICIOUS_MOVE = YES;
				CLANG_WARN_UNGUARDED_AVAILABILITY = YES_AGGRESSIVE;
				CLANG_WARN_UNREACHABLE_CODE = YES;
				CLANG_WARN__DUPLICATE_METHOD_MATCH = YES;
				COPY_PHASE_STRIP = NO;
				DEBUG_INFORMATION_FORMAT = dwarf;
				ENABLE_STRICT_OBJC_MSGSEND = YES;
				ENABLE_TESTABILITY = YES;
				GCC_C_LANGUAGE_STANDARD = gnu11;
				GCC_DYNAMIC_NO_PIC = NO;
				GCC_NO_COMMON_BLOCKS = YES;
				GCC_OPTIMIZATION_LEVEL = 0;
				GCC_PREPROCESSOR_DEFINITIONS = (
					"DEBUG=1",
					"$(inherited)",
				);
				GCC_WARN_64_TO_32_BIT_CONVERSION = YES;
				GCC_WARN_ABOUT_RETURN_TYPE = YES_ERROR;
				GCC_WARN_UNDECLARED_SELECTOR = YES;
				GCC_WARN_UNINITIALIZED_AUTOS = YES_AGGRESSIVE;
				GCC_WARN_UNUSED_FUNCTION = YES;
				GCC_WARN_UNUSED_VARIABLE = YES;
				IPHONEOS_DEPLOYMENT_TARGET = 15.5;
				MTL_ENABLE_DEBUG_INFO = INCLUDE_SOURCE;
				MTL_FAST_MATH = YES;
				ONLY_ACTIVE_ARCH = YES;
				SDKROOT = iphoneos;
				SWIFT_ACTIVE_COMPILATION_CONDITIONS = DEBUG;
				SWIFT_OPTIMIZATION_LEVEL = "-Onone";
			};
			name = Debug;
		};
		118920842882431E00A0A9FA /* Release */ = {
			isa = XCBuildConfiguration;
			buildSettings = {
				ALWAYS_SEARCH_USER_PATHS = NO;
				CLANG_ANALYZER_NONNULL = YES;
				CLANG_ANALYZER_NUMBER_OBJECT_CONVERSION = YES_AGGRESSIVE;
				CLANG_CXX_LANGUAGE_STANDARD = "gnu++17";
				CLANG_ENABLE_MODULES = YES;
				CLANG_ENABLE_OBJC_ARC = YES;
				CLANG_ENABLE_OBJC_WEAK = YES;
				CLANG_WARN_BLOCK_CAPTURE_AUTORELEASING = YES;
				CLANG_WARN_BOOL_CONVERSION = YES;
				CLANG_WARN_COMMA = YES;
				CLANG_WARN_CONSTANT_CONVERSION = YES;
				CLANG_WARN_DEPRECATED_OBJC_IMPLEMENTATIONS = YES;
				CLANG_WARN_DIRECT_OBJC_ISA_USAGE = YES_ERROR;
				CLANG_WARN_DOCUMENTATION_COMMENTS = YES;
				CLANG_WARN_EMPTY_BODY = YES;
				CLANG_WARN_ENUM_CONVERSION = YES;
				CLANG_WARN_INFINITE_RECURSION = YES;
				CLANG_WARN_INT_CONVERSION = YES;
				CLANG_WARN_NON_LITERAL_NULL_CONVERSION = YES;
				CLANG_WARN_OBJC_IMPLICIT_RETAIN_SELF = YES;
				CLANG_WARN_OBJC_LITERAL_CONVERSION = YES;
				CLANG_WARN_OBJC_ROOT_CLASS = YES_ERROR;
				CLANG_WARN_QUOTED_INCLUDE_IN_FRAMEWORK_HEADER = YES;
				CLANG_WARN_RANGE_LOOP_ANALYSIS = YES;
				CLANG_WARN_STRICT_PROTOTYPES = YES;
				CLANG_WARN_SUSPICIOUS_MOVE = YES;
				CLANG_WARN_UNGUARDED_AVAILABILITY = YES_AGGRESSIVE;
				CLANG_WARN_UNREACHABLE_CODE = YES;
				CLANG_WARN__DUPLICATE_METHOD_MATCH = YES;
				COPY_PHASE_STRIP = NO;
				DEBUG_INFORMATION_FORMAT = "dwarf-with-dsym";
				ENABLE_NS_ASSERTIONS = NO;
				ENABLE_STRICT_OBJC_MSGSEND = YES;
				GCC_C_LANGUAGE_STANDARD = gnu11;
				GCC_NO_COMMON_BLOCKS = YES;
				GCC_WARN_64_TO_32_BIT_CONVERSION = YES;
				GCC_WARN_ABOUT_RETURN_TYPE = YES_ERROR;
				GCC_WARN_UNDECLARED_SELECTOR = YES;
				GCC_WARN_UNINITIALIZED_AUTOS = YES_AGGRESSIVE;
				GCC_WARN_UNUSED_FUNCTION = YES;
				GCC_WARN_UNUSED_VARIABLE = YES;
				IPHONEOS_DEPLOYMENT_TARGET = 15.5;
				MTL_ENABLE_DEBUG_INFO = NO;
				MTL_FAST_MATH = YES;
				SDKROOT = iphoneos;
				SWIFT_COMPILATION_MODE = wholemodule;
				SWIFT_OPTIMIZATION_LEVEL = "-O";
				VALIDATE_PRODUCT = YES;
			};
			name = Release;
		};
		118920862882431E00A0A9FA /* Debug */ = {
			isa = XCBuildConfiguration;
			buildSettings = {
				ASSETCATALOG_COMPILER_APPICON_NAME = AppIcon;
				ASSETCATALOG_COMPILER_GLOBAL_ACCENT_COLOR_NAME = AccentColor;
				CODE_SIGN_STYLE = Automatic;
				CURRENT_PROJECT_VERSION = 1;
				DEVELOPMENT_TEAM = QWYNL3RV6A;
				GENERATE_INFOPLIST_FILE = YES;
				INFOPLIST_FILE = esteeLauderChallenge/Info.plist;
				INFOPLIST_KEY_UIApplicationSupportsIndirectInputEvents = YES;
				INFOPLIST_KEY_UILaunchStoryboardName = LaunchScreen;
				INFOPLIST_KEY_UIMainStoryboardFile = Main;
				INFOPLIST_KEY_UISupportedInterfaceOrientations_iPad = "UIInterfaceOrientationPortrait UIInterfaceOrientationPortraitUpsideDown UIInterfaceOrientationLandscapeLeft UIInterfaceOrientationLandscapeRight";
				INFOPLIST_KEY_UISupportedInterfaceOrientations_iPhone = "UIInterfaceOrientationPortrait UIInterfaceOrientationLandscapeLeft UIInterfaceOrientationLandscapeRight";
				LD_RUNPATH_SEARCH_PATHS = (
					"$(inherited)",
					"@executable_path/Frameworks",
				);
				MARKETING_VERSION = 1.0;
				PRODUCT_BUNDLE_IDENTIFIER = KWK3.3.esteeLauderChallenge;
				PRODUCT_NAME = "$(TARGET_NAME)";
				SWIFT_EMIT_LOC_STRINGS = YES;
				SWIFT_VERSION = 5.0;
				TARGETED_DEVICE_FAMILY = "1,2";
			};
			name = Debug;
		};
		118920872882431E00A0A9FA /* Release */ = {
			isa = XCBuildConfiguration;
			buildSettings = {
				ASSETCATALOG_COMPILER_APPICON_NAME = AppIcon;
				ASSETCATALOG_COMPILER_GLOBAL_ACCENT_COLOR_NAME = AccentColor;
				CODE_SIGN_STYLE = Automatic;
				CURRENT_PROJECT_VERSION = 1;
				DEVELOPMENT_TEAM = QWYNL3RV6A;
				GENERATE_INFOPLIST_FILE = YES;
				INFOPLIST_FILE = esteeLauderChallenge/Info.plist;
				INFOPLIST_KEY_UIApplicationSupportsIndirectInputEvents = YES;
				INFOPLIST_KEY_UILaunchStoryboardName = LaunchScreen;
				INFOPLIST_KEY_UIMainStoryboardFile = Main;
				INFOPLIST_KEY_UISupportedInterfaceOrientations_iPad = "UIInterfaceOrientationPortrait UIInterfaceOrientationPortraitUpsideDown UIInterfaceOrientationLandscapeLeft UIInterfaceOrientationLandscapeRight";
				INFOPLIST_KEY_UISupportedInterfaceOrientations_iPhone = "UIInterfaceOrientationPortrait UIInterfaceOrientationLandscapeLeft UIInterfaceOrientationLandscapeRight";
				LD_RUNPATH_SEARCH_PATHS = (
					"$(inherited)",
					"@executable_path/Frameworks",
				);
				MARKETING_VERSION = 1.0;
				PRODUCT_BUNDLE_IDENTIFIER = KWK3.3.esteeLauderChallenge;
				PRODUCT_NAME = "$(TARGET_NAME)";
				SWIFT_EMIT_LOC_STRINGS = YES;
				SWIFT_VERSION = 5.0;
				TARGETED_DEVICE_FAMILY = "1,2";
			};
			name = Release;
		};
/* End XCBuildConfiguration section */

/* Begin XCConfigurationList section */
		1189206C2882431A00A0A9FA /* Build configuration list for PBXProject "esteeLauderChallenge" */ = {
			isa = XCConfigurationList;
			buildConfigurations = (
				118920832882431E00A0A9FA /* Debug */,
				118920842882431E00A0A9FA /* Release */,
			);
			defaultConfigurationIsVisible = 0;
			defaultConfigurationName = Release;
		};
		118920852882431E00A0A9FA /* Build configuration list for PBXNativeTarget "esteeLauderChallenge" */ = {
			isa = XCConfigurationList;
			buildConfigurations = (
				118920862882431E00A0A9FA /* Debug */,
				118920872882431E00A0A9FA /* Release */,
			);
			defaultConfigurationIsVisible = 0;
			defaultConfigurationName = Release;
		};
/* End XCConfigurationList section */
	};
	rootObject = 118920692882431A00A0A9FA /* Project object */;
}
